
Microsoft Visual Studio Solution File, Format Version 12.00
# Visual Studio Version 17
VisualStudioVersion = 17.2.32516.85
MinimumVisualStudioVersion = 10.0.40219.1
Project("{FAE04EC0-301F-11D3-BF4B-00C04F79EFBC}") = "MethodOverloading", "MethodOverloading\MethodOverloading.csproj", "{C3AFD83E-03DD-4581-BE33-68B9781C19C8}"
EndProject
Global
	GlobalSection(SolutionConfigurationPlatforms) = preSolution
		Debug|Any CPU = Debug|Any CPU
		Release|Any CPU = Release|Any CPU
	EndGlobalSection
	GlobalSection(ProjectConfigurationPlatforms) = postSolution
		{C3AFD83E-03DD-4581-BE33-68B9781C19C8}.Debug|Any CPU.ActiveCfg = Debug|Any CPU
		{C3AFD83E-03DD-4581-BE33-68B9781C19C8}.Debug|Any CPU.Build.0 = Debug|Any CPU
		{C3AFD83E-03DD-4581-BE33-68B9781C19C8}.Release|Any CPU.ActiveCfg = Release|Any CPU
		{C3AFD83E-03DD-4581-BE33-68B9781C19C8}.Release|Any CPU.Build.0 = Release|Any CPU
	EndGlobalSection
	GlobalSection(SolutionProperties) = preSolution
		HideSolutionNode = FALSE
	EndGlobalSection
	GlobalSection(ExtensibilityGlobals) = postSolution
		SolutionGuid = {2270DDE6-1A5B-4B40-87C5-0B055D9FF0A8}
	EndGlobalSection
EndGlobal
